
Microsoft Visual Studio Solution File, Format Version 12.00
# Visual Studio Version 16
VisualStudioVersion = 16.0.29911.84
MinimumVisualStudioVersion = 10.0.40219.1
Project("{9A19103F-16F7-4668-BE54-9A1E7A4F7556}") = "SocialNetwork", "SocialNetwork.csproj", "{F844FA64-18E5-4F4B-9249-7D231F82C235}"
EndProject
Project("{FAE04EC0-301F-11D3-BF4B-00C04F79EFBC}") = "SocialNetworkWepApp", "..\SocialNetworkWepApp\SocialNetworkWepApp.csproj", "{39C2AE71-34CE-48DE-8BB4-6BC428AB7798}"
EndProject
Global
	GlobalSection(SolutionConfigurationPlatforms) = preSolution
		Debug|Any CPU = Debug|Any CPU
		Release|Any CPU = Release|Any CPU
	EndGlobalSection
	GlobalSection(ProjectConfigurationPlatforms) = postSolution
		{F844FA64-18E5-4F4B-9249-7D231F82C235}.Debug|Any CPU.ActiveCfg = Debug|Any CPU
		{F844FA64-18E5-4F4B-9249-7D231F82C235}.Debug|Any CPU.Build.0 = Debug|Any CPU
		{F844FA64-18E5-4F4B-9249-7D231F82C235}.Release|Any CPU.ActiveCfg = Release|Any CPU
		{F844FA64-18E5-4F4B-9249-7D231F82C235}.Release|Any CPU.Build.0 = Release|Any CPU
		{39C2AE71-34CE-48DE-8BB4-6BC428AB7798}.Debug|Any CPU.ActiveCfg = Debug|Any CPU
		{39C2AE71-34CE-48DE-8BB4-6BC428AB7798}.Debug|Any CPU.Build.0 = Debug|Any CPU
		{39C2AE71-34CE-48DE-8BB4-6BC428AB7798}.Release|Any CPU.ActiveCfg = Release|Any CPU
		{39C2AE71-34CE-48DE-8BB4-6BC428AB7798}.Release|Any CPU.Build.0 = Release|Any CPU
	EndGlobalSection
	GlobalSection(SolutionProperties) = preSolution
		HideSolutionNode = FALSE
	EndGlobalSection
	GlobalSection(ExtensibilityGlobals) = postSolution
		SolutionGuid = {EF8E52A5-B437-4C5E-A9DD-4E9994D4359F}
	EndGlobalSection
EndGlobal
